
Microsoft Visual Studio Solution File, Format Version 12.00
# Visual Studio Version 17
VisualStudioVersion = 17.11.35219.272
MinimumVisualStudioVersion = 10.0.40219.1
Project("{FAE04EC0-301F-11D3-BF4B-00C04F79EFBC}") = "Blog.Web", "Blog.Web\Blog.Web.csproj", "{4C97BAD7-431C-482F-B255-1C92BEADD91D}"
EndProject
Project("{FAE04EC0-301F-11D3-BF4B-00C04F79EFBC}") = "Blog.Service", "Blog.Service\Blog.Service.csproj", "{426ECBC5-80CC-4B31-9751-5F7400B514ED}"
EndProject
Project("{FAE04EC0-301F-11D3-BF4B-00C04F79EFBC}") = "Blog.Entity", "Blog.Entity\Blog.Entity.csproj", "{8BBA6CC6-2948-4C2F-91D8-6476BF7CB646}"
EndProject
Project("{FAE04EC0-301F-11D3-BF4B-00C04F79EFBC}") = "Blog.Data", "Blog.Data\Blog.Data.csproj", "{98B48B80-4EBB-4F95-B266-A4DD22F63E9C}"
EndProject
Project("{FAE04EC0-301F-11D3-BF4B-00C04F79EFBC}") = "Blog.Core", "Blog.Core\Blog.Core.csproj", "{2917EE9F-F61D-49DE-AB82-EEF9DF799A76}"
EndProject
Global
	GlobalSection(SolutionConfigurationPlatforms) = preSolution
		Debug|Any CPU = Debug|Any CPU
		Release|Any CPU = Release|Any CPU
	EndGlobalSection
	GlobalSection(ProjectConfigurationPlatforms) = postSolution
		{4C97BAD7-431C-482F-B255-1C92BEADD91D}.Debug|Any CPU.ActiveCfg = Debug|Any CPU
		{4C97BAD7-431C-482F-B255-1C92BEADD91D}.Debug|Any CPU.Build.0 = Debug|Any CPU
		{4C97BAD7-431C-482F-B255-1C92BEADD91D}.Release|Any CPU.ActiveCfg = Release|Any CPU
		{4C97BAD7-431C-482F-B255-1C92BEADD91D}.Release|Any CPU.Build.0 = Release|Any CPU
		{426ECBC5-80CC-4B31-9751-5F7400B514ED}.Debug|Any CPU.ActiveCfg = Debug|Any CPU
		{426ECBC5-80CC-4B31-9751-5F7400B514ED}.Debug|Any CPU.Build.0 = Debug|Any CPU
		{426ECBC5-80CC-4B31-9751-5F7400B514ED}.Release|Any CPU.ActiveCfg = Release|Any CPU
		{426ECBC5-80CC-4B31-9751-5F7400B514ED}.Release|Any CPU.Build.0 = Release|Any CPU
		{8BBA6CC6-2948-4C2F-91D8-6476BF7CB646}.Debug|Any CPU.ActiveCfg = Debug|Any CPU
		{8BBA6CC6-2948-4C2F-91D8-6476BF7CB646}.Debug|Any CPU.Build.0 = Debug|Any CPU
		{8BBA6CC6-2948-4C2F-91D8-6476BF7CB646}.Release|Any CPU.ActiveCfg = Release|Any CPU
		{8BBA6CC6-2948-4C2F-91D8-6476BF7CB646}.Release|Any CPU.Build.0 = Release|Any CPU
		{98B48B80-4EBB-4F95-B266-A4DD22F63E9C}.Debug|Any CPU.ActiveCfg = Debug|Any CPU
		{98B48B80-4EBB-4F95-B266-A4DD22F63E9C}.Debug|Any CPU.Build.0 = Debug|Any CPU
		{98B48B80-4EBB-4F95-B266-A4DD22F63E9C}.Release|Any CPU.ActiveCfg = Release|Any CPU
		{98B48B80-4EBB-4F95-B266-A4DD22F63E9C}.Release|Any CPU.Build.0 = Release|Any CPU
		{2917EE9F-F61D-49DE-AB82-EEF9DF799A76}.Debug|Any CPU.ActiveCfg = Debug|Any CPU
		{2917EE9F-F61D-49DE-AB82-EEF9DF799A76}.Debug|Any CPU.Build.0 = Debug|Any CPU
		{2917EE9F-F61D-49DE-AB82-EEF9DF799A76}.Release|Any CPU.ActiveCfg = Release|Any CPU
		{2917EE9F-F61D-49DE-AB82-EEF9DF799A76}.Release|Any CPU.Build.0 = Release|Any CPU
	EndGlobalSection
	GlobalSection(SolutionProperties) = preSolution
		HideSolutionNode = FALSE
	EndGlobalSection
	GlobalSection(ExtensibilityGlobals) = postSolution
		SolutionGuid = {3252B240-0BAA-43CF-A23C-37BFDBEFD942}
	EndGlobalSection
EndGlobal
